
Microsoft Visual Studio Solution File, Format Version 12.00
# Visual Studio Version 17
VisualStudioVersion = 17.8.34511.84
MinimumVisualStudioVersion = 10.0.40219.1
Project("{FAE04EC0-301F-11D3-BF4B-00C04F79EFBC}") = "Definitions_Wiki_Expanded", "Definitions_Wiki_Expanded\Definitions_Wiki_Expanded.csproj", "{E24043DD-D70E-4833-85BC-9134ED93DD0D}"
EndProject
Global
	GlobalSection(SolutionConfigurationPlatforms) = preSolution
		Debug|Any CPU = Debug|Any CPU
		Release|Any CPU = Release|Any CPU
	EndGlobalSection
	GlobalSection(ProjectConfigurationPlatforms) = postSolution
		{E24043DD-D70E-4833-85BC-9134ED93DD0D}.Debug|Any CPU.ActiveCfg = Debug|Any CPU
		{E24043DD-D70E-4833-85BC-9134ED93DD0D}.Debug|Any CPU.Build.0 = Debug|Any CPU
		{E24043DD-D70E-4833-85BC-9134ED93DD0D}.Release|Any CPU.ActiveCfg = Release|Any CPU
		{E24043DD-D70E-4833-85BC-9134ED93DD0D}.Release|Any CPU.Build.0 = Release|Any CPU
	EndGlobalSection
	GlobalSection(SolutionProperties) = preSolution
		HideSolutionNode = FALSE
	EndGlobalSection
	GlobalSection(ExtensibilityGlobals) = postSolution
		SolutionGuid = {DD6F631D-D2DF-42CB-9A1D-1DA1A268791B}
	EndGlobalSection
EndGlobal
